
Microsoft Visual Studio Solution File, Format Version 12.00
# Visual Studio Version 17
VisualStudioVersion = 17.0.32407.392
MinimumVisualStudioVersion = 10.0.40219.1
Project("{2150E333-8FDC-42A3-9474-1A3956D46DE8}") = "Google", "Google", "{B4AB2C28-7C14-4D63-814E-D9BEE13E56E0}"
EndProject
Project("{2150E333-8FDC-42A3-9474-1A3956D46DE8}") = "Easy", "Easy", "{9161FFB3-A758-40B1-AC2E-0901B7CDCC7D}"
EndProject
Project("{2150E333-8FDC-42A3-9474-1A3956D46DE8}") = "Hard", "Hard", "{5B48F009-42C2-46EE-828F-292785698D16}"
EndProject
Project("{2150E333-8FDC-42A3-9474-1A3956D46DE8}") = "Medium", "Medium", "{ECF3DE8D-8E16-4102-AE49-B52DB48A693C}"
EndProject
Project("{2150E333-8FDC-42A3-9474-1A3956D46DE8}") = "HackerRank", "HackerRank", "{03E614A0-7FE4-49AC-8E37-E697A83AF97D}"
EndProject
Project("{2150E333-8FDC-42A3-9474-1A3956D46DE8}") = "LeetCode", "LeetCode", "{BB5C17FB-BA53-4919-90E1-1A36C43F87A7}"
EndProject
Project("{2150E333-8FDC-42A3-9474-1A3956D46DE8}") = "Easy", "Easy", "{34A4D51C-2C6B-4D0A-959B-01DD603E18D6}"
EndProject
Project("{2150E333-8FDC-42A3-9474-1A3956D46DE8}") = "Hard", "Hard", "{79A67715-938D-45CF-900F-4FD524F1B7A4}"
EndProject
Project("{2150E333-8FDC-42A3-9474-1A3956D46DE8}") = "Medium", "Medium", "{CC3F8FFD-F4DB-4170-BBE8-A2CB75FEE369}"
EndProject
Project("{2150E333-8FDC-42A3-9474-1A3956D46DE8}") = "Hard", "Hard", "{4B334FF3-514D-4E52-95B8-7D6B7014D6D1}"
EndProject
Project("{2150E333-8FDC-42A3-9474-1A3956D46DE8}") = "Easy", "Easy", "{ECE0925E-2B66-4A17-A78C-5F57911B36C5}"
EndProject
Project("{2150E333-8FDC-42A3-9474-1A3956D46DE8}") = "Medium", "Medium", "{1D7527D3-48DA-4466-BC7E-CE6BAA07CCA5}"
EndProject
Project("{9A19103F-16F7-4668-BE54-9A1E7A4F7556}") = "SalesByMatch", "HackerRank\Easy\SalesByMatch\SalesByMatch.csproj", "{1951BE3B-6D6E-4279-908E-224A0C75BEBF}"
EndProject
Project("{9A19103F-16F7-4668-BE54-9A1E7A4F7556}") = "TwoSum", "LeetCode\Easy\TwoSum\TwoSum.csproj", "{9FAD7B79-3061-4786-A7EA-CADB94A60A5A}"
EndProject
Project("{2150E333-8FDC-42A3-9474-1A3956D46DE8}") = "Codility", "Codility", "{14E67CF7-8E87-45BB-8EE7-1B2FE4EC2EBA}"
EndProject
Project("{2150E333-8FDC-42A3-9474-1A3956D46DE8}") = "Easy", "Easy", "{F36C1347-E12A-42F5-9CA8-10A21A5DEB6C}"
EndProject
Project("{2150E333-8FDC-42A3-9474-1A3956D46DE8}") = "Hard", "Hard", "{60B8D967-1772-4B07-B3B9-0B10829790FE}"
EndProject
Project("{2150E333-8FDC-42A3-9474-1A3956D46DE8}") = "Medium", "Medium", "{6087ED73-2491-486A-B445-7CA55C5ED6EF}"
EndProject
Project("{9A19103F-16F7-4668-BE54-9A1E7A4F7556}") = "OddOccurrencesInArray", "Codility\Easy\OddOccurrencesInArray\OddOccurrencesInArray.csproj", "{CE111961-E4DF-4DC8-A65B-EB6BA21A0ACF}"
EndProject
Project("{9A19103F-16F7-4668-BE54-9A1E7A4F7556}") = "FrogJmp", "Codility\Easy\FrogJmp\FrogJmp.csproj", "{2E29D649-EFE5-4CF6-9AD2-5A86A8689458}"
EndProject
Project("{FAE04EC0-301F-11D3-BF4B-00C04F79EFBC}") = "FibonacciSeries", "Google\Easy\FibonacciSeries\FibonacciSeries.csproj", "{5BCA6F66-2A8D-4411-AECA-3DBF6D085931}"
EndProject
Global
	GlobalSection(SolutionConfigurationPlatforms) = preSolution
		Debug|Any CPU = Debug|Any CPU
		Release|Any CPU = Release|Any CPU
	EndGlobalSection
	GlobalSection(ProjectConfigurationPlatforms) = postSolution
		{1951BE3B-6D6E-4279-908E-224A0C75BEBF}.Debug|Any CPU.ActiveCfg = Debug|Any CPU
		{1951BE3B-6D6E-4279-908E-224A0C75BEBF}.Debug|Any CPU.Build.0 = Debug|Any CPU
		{1951BE3B-6D6E-4279-908E-224A0C75BEBF}.Release|Any CPU.ActiveCfg = Release|Any CPU
		{1951BE3B-6D6E-4279-908E-224A0C75BEBF}.Release|Any CPU.Build.0 = Release|Any CPU
		{9FAD7B79-3061-4786-A7EA-CADB94A60A5A}.Debug|Any CPU.ActiveCfg = Debug|Any CPU
		{9FAD7B79-3061-4786-A7EA-CADB94A60A5A}.Debug|Any CPU.Build.0 = Debug|Any CPU
		{9FAD7B79-3061-4786-A7EA-CADB94A60A5A}.Release|Any CPU.ActiveCfg = Release|Any CPU
		{9FAD7B79-3061-4786-A7EA-CADB94A60A5A}.Release|Any CPU.Build.0 = Release|Any CPU
		{CE111961-E4DF-4DC8-A65B-EB6BA21A0ACF}.Debug|Any CPU.ActiveCfg = Debug|Any CPU
		{CE111961-E4DF-4DC8-A65B-EB6BA21A0ACF}.Debug|Any CPU.Build.0 = Debug|Any CPU
		{CE111961-E4DF-4DC8-A65B-EB6BA21A0ACF}.Release|Any CPU.ActiveCfg = Release|Any CPU
		{CE111961-E4DF-4DC8-A65B-EB6BA21A0ACF}.Release|Any CPU.Build.0 = Release|Any CPU
		{2E29D649-EFE5-4CF6-9AD2-5A86A8689458}.Debug|Any CPU.ActiveCfg = Debug|Any CPU
		{2E29D649-EFE5-4CF6-9AD2-5A86A8689458}.Debug|Any CPU.Build.0 = Debug|Any CPU
		{2E29D649-EFE5-4CF6-9AD2-5A86A8689458}.Release|Any CPU.ActiveCfg = Release|Any CPU
		{2E29D649-EFE5-4CF6-9AD2-5A86A8689458}.Release|Any CPU.Build.0 = Release|Any CPU
		{5BCA6F66-2A8D-4411-AECA-3DBF6D085931}.Debug|Any CPU.ActiveCfg = Debug|Any CPU
		{5BCA6F66-2A8D-4411-AECA-3DBF6D085931}.Debug|Any CPU.Build.0 = Debug|Any CPU
		{5BCA6F66-2A8D-4411-AECA-3DBF6D085931}.Release|Any CPU.ActiveCfg = Release|Any CPU
		{5BCA6F66-2A8D-4411-AECA-3DBF6D085931}.Release|Any CPU.Build.0 = Release|Any CPU
	EndGlobalSection
	GlobalSection(SolutionProperties) = preSolution
		HideSolutionNode = FALSE
	EndGlobalSection
	GlobalSection(NestedProjects) = preSolution
		{9161FFB3-A758-40B1-AC2E-0901B7CDCC7D} = {B4AB2C28-7C14-4D63-814E-D9BEE13E56E0}
		{5B48F009-42C2-46EE-828F-292785698D16} = {B4AB2C28-7C14-4D63-814E-D9BEE13E56E0}
		{ECF3DE8D-8E16-4102-AE49-B52DB48A693C} = {B4AB2C28-7C14-4D63-814E-D9BEE13E56E0}
		{34A4D51C-2C6B-4D0A-959B-01DD603E18D6} = {03E614A0-7FE4-49AC-8E37-E697A83AF97D}
		{79A67715-938D-45CF-900F-4FD524F1B7A4} = {03E614A0-7FE4-49AC-8E37-E697A83AF97D}
		{CC3F8FFD-F4DB-4170-BBE8-A2CB75FEE369} = {03E614A0-7FE4-49AC-8E37-E697A83AF97D}
		{4B334FF3-514D-4E52-95B8-7D6B7014D6D1} = {BB5C17FB-BA53-4919-90E1-1A36C43F87A7}
		{ECE0925E-2B66-4A17-A78C-5F57911B36C5} = {BB5C17FB-BA53-4919-90E1-1A36C43F87A7}
		{1D7527D3-48DA-4466-BC7E-CE6BAA07CCA5} = {BB5C17FB-BA53-4919-90E1-1A36C43F87A7}
		{1951BE3B-6D6E-4279-908E-224A0C75BEBF} = {34A4D51C-2C6B-4D0A-959B-01DD603E18D6}
		{9FAD7B79-3061-4786-A7EA-CADB94A60A5A} = {ECE0925E-2B66-4A17-A78C-5F57911B36C5}
		{F36C1347-E12A-42F5-9CA8-10A21A5DEB6C} = {14E67CF7-8E87-45BB-8EE7-1B2FE4EC2EBA}
		{60B8D967-1772-4B07-B3B9-0B10829790FE} = {14E67CF7-8E87-45BB-8EE7-1B2FE4EC2EBA}
		{6087ED73-2491-486A-B445-7CA55C5ED6EF} = {14E67CF7-8E87-45BB-8EE7-1B2FE4EC2EBA}
		{CE111961-E4DF-4DC8-A65B-EB6BA21A0ACF} = {F36C1347-E12A-42F5-9CA8-10A21A5DEB6C}
		{2E29D649-EFE5-4CF6-9AD2-5A86A8689458} = {F36C1347-E12A-42F5-9CA8-10A21A5DEB6C}
		{5BCA6F66-2A8D-4411-AECA-3DBF6D085931} = {9161FFB3-A758-40B1-AC2E-0901B7CDCC7D}
	EndGlobalSection
	GlobalSection(ExtensibilityGlobals) = postSolution
		SolutionGuid = {86B9E45D-DE68-42DF-84DD-40EC83C3C22D}
	EndGlobalSection
EndGlobal
